
Microsoft Visual Studio Solution File, Format Version 12.00
# Visual Studio Version 16
VisualStudioVersion = 16.0.30804.86
MinimumVisualStudioVersion = 10.0.40219.1
Project("{9A19103F-16F7-4668-BE54-9A1E7A4F7556}") = "ECommon", "ECommon\ECommon.csproj", "{E9E242DA-33A5-4ABE-9694-5AC4F6482A58}"
EndProject
Project("{9A19103F-16F7-4668-BE54-9A1E7A4F7556}") = "ECommon.Autofac", "ECommon.Autofac\ECommon.Autofac.csproj", "{E4648DB1-CFFB-417B-B066-1BC275735F1F}"
EndProject
Project("{9A19103F-16F7-4668-BE54-9A1E7A4F7556}") = "ECommon.Dapper", "ECommon.Dapper\ECommon.Dapper.csproj", "{A28AD622-F4E5-42F5-B8A4-196D9EF5C3EF}"
EndProject
Project("{9A19103F-16F7-4668-BE54-9A1E7A4F7556}") = "ECommon.JsonNet", "ECommon.JsonNet\ECommon.JsonNet.csproj", "{D0657043-711C-45EF-B3C4-E76CF9BFCC0D}"
EndProject
Project("{9A19103F-16F7-4668-BE54-9A1E7A4F7556}") = "ECommon.Log4Net", "ECommon.Log4Net\ECommon.Log4Net.csproj", "{29413F04-D6E9-4718-8D14-6D26B39D906A}"
EndProject
Project("{9A19103F-16F7-4668-BE54-9A1E7A4F7556}") = "ECommon.Serilog", "ECommon.Serilog\ECommon.Serilog.csproj", "{281876D8-3078-4448-87C3-594F9CBDF613}"
EndProject
Project("{FAE04EC0-301F-11D3-BF4B-00C04F79EFBC}") = "PushMessageTestClient", "PushMessageTestClient\PushMessageTestClient.csproj", "{178E27B5-D6BC-49C0-8E77-42B6E9B171F2}"
EndProject
Global
	GlobalSection(SolutionConfigurationPlatforms) = preSolution
		Debug|Any CPU = Debug|Any CPU
		Release|Any CPU = Release|Any CPU
	EndGlobalSection
	GlobalSection(ProjectConfigurationPlatforms) = postSolution
		{E9E242DA-33A5-4ABE-9694-5AC4F6482A58}.Debug|Any CPU.ActiveCfg = Debug|Any CPU
		{E9E242DA-33A5-4ABE-9694-5AC4F6482A58}.Debug|Any CPU.Build.0 = Debug|Any CPU
		{E9E242DA-33A5-4ABE-9694-5AC4F6482A58}.Release|Any CPU.ActiveCfg = Release|Any CPU
		{E9E242DA-33A5-4ABE-9694-5AC4F6482A58}.Release|Any CPU.Build.0 = Release|Any CPU
		{E4648DB1-CFFB-417B-B066-1BC275735F1F}.Debug|Any CPU.ActiveCfg = Debug|Any CPU
		{E4648DB1-CFFB-417B-B066-1BC275735F1F}.Debug|Any CPU.Build.0 = Debug|Any CPU
		{E4648DB1-CFFB-417B-B066-1BC275735F1F}.Release|Any CPU.ActiveCfg = Release|Any CPU
		{E4648DB1-CFFB-417B-B066-1BC275735F1F}.Release|Any CPU.Build.0 = Release|Any CPU
		{A28AD622-F4E5-42F5-B8A4-196D9EF5C3EF}.Debug|Any CPU.ActiveCfg = Debug|Any CPU
		{A28AD622-F4E5-42F5-B8A4-196D9EF5C3EF}.Debug|Any CPU.Build.0 = Debug|Any CPU
		{A28AD622-F4E5-42F5-B8A4-196D9EF5C3EF}.Release|Any CPU.ActiveCfg = Release|Any CPU
		{A28AD622-F4E5-42F5-B8A4-196D9EF5C3EF}.Release|Any CPU.Build.0 = Release|Any CPU
		{D0657043-711C-45EF-B3C4-E76CF9BFCC0D}.Debug|Any CPU.ActiveCfg = Debug|Any CPU
		{D0657043-711C-45EF-B3C4-E76CF9BFCC0D}.Debug|Any CPU.Build.0 = Debug|Any CPU
		{D0657043-711C-45EF-B3C4-E76CF9BFCC0D}.Release|Any CPU.ActiveCfg = Release|Any CPU
		{D0657043-711C-45EF-B3C4-E76CF9BFCC0D}.Release|Any CPU.Build.0 = Release|Any CPU
		{29413F04-D6E9-4718-8D14-6D26B39D906A}.Debug|Any CPU.ActiveCfg = Debug|Any CPU
		{29413F04-D6E9-4718-8D14-6D26B39D906A}.Debug|Any CPU.Build.0 = Debug|Any CPU
		{29413F04-D6E9-4718-8D14-6D26B39D906A}.Release|Any CPU.ActiveCfg = Release|Any CPU
		{29413F04-D6E9-4718-8D14-6D26B39D906A}.Release|Any CPU.Build.0 = Release|Any CPU
		{281876D8-3078-4448-87C3-594F9CBDF613}.Debug|Any CPU.ActiveCfg = Debug|Any CPU
		{281876D8-3078-4448-87C3-594F9CBDF613}.Debug|Any CPU.Build.0 = Debug|Any CPU
		{281876D8-3078-4448-87C3-594F9CBDF613}.Release|Any CPU.ActiveCfg = Release|Any CPU
		{281876D8-3078-4448-87C3-594F9CBDF613}.Release|Any CPU.Build.0 = Release|Any CPU
		{178E27B5-D6BC-49C0-8E77-42B6E9B171F2}.Debug|Any CPU.ActiveCfg = Debug|Any CPU
		{178E27B5-D6BC-49C0-8E77-42B6E9B171F2}.Debug|Any CPU.Build.0 = Debug|Any CPU
		{178E27B5-D6BC-49C0-8E77-42B6E9B171F2}.Release|Any CPU.ActiveCfg = Release|Any CPU
		{178E27B5-D6BC-49C0-8E77-42B6E9B171F2}.Release|Any CPU.Build.0 = Release|Any CPU
	EndGlobalSection
	GlobalSection(SolutionProperties) = preSolution
		HideSolutionNode = FALSE
	EndGlobalSection
	GlobalSection(ExtensibilityGlobals) = postSolution
		SolutionGuid = {62C0602B-AB15-41A6-B0B8-635B0B586C0C}
	EndGlobalSection
EndGlobal
