
Microsoft Visual Studio Solution File, Format Version 12.00
# Visual Studio Version 16
VisualStudioVersion = 16.0.30804.86
MinimumVisualStudioVersion = 10.0.40219.1
Project("{FAE04EC0-301F-11D3-BF4B-00C04F79EFBC}") = "ECommon", "ECommon\ECommon.csproj", "{E9E242DA-33A5-4ABE-9694-5AC4F6482A58}"
EndProject
Project("{FAE04EC0-301F-11D3-BF4B-00C04F79EFBC}") = "ECommon.Autofac", "ECommon.Autofac\ECommon.Autofac.csproj", "{E4648DB1-CFFB-417B-B066-1BC275735F1F}"
EndProject
Global
	GlobalSection(SolutionConfigurationPlatforms) = preSolution
		Debug|Any CPU = Debug|Any CPU
		Release|Any CPU = Release|Any CPU
	EndGlobalSection
	GlobalSection(ProjectConfigurationPlatforms) = postSolution
		{E9E242DA-33A5-4ABE-9694-5AC4F6482A58}.Debug|Any CPU.ActiveCfg = Debug|Any CPU
		{E9E242DA-33A5-4ABE-9694-5AC4F6482A58}.Debug|Any CPU.Build.0 = Debug|Any CPU
		{E9E242DA-33A5-4ABE-9694-5AC4F6482A58}.Release|Any CPU.ActiveCfg = Release|Any CPU
		{E9E242DA-33A5-4ABE-9694-5AC4F6482A58}.Release|Any CPU.Build.0 = Release|Any CPU
		{E4648DB1-CFFB-417B-B066-1BC275735F1F}.Debug|Any CPU.ActiveCfg = Debug|Any CPU
		{E4648DB1-CFFB-417B-B066-1BC275735F1F}.Debug|Any CPU.Build.0 = Debug|Any CPU
		{E4648DB1-CFFB-417B-B066-1BC275735F1F}.Release|Any CPU.ActiveCfg = Release|Any CPU
		{E4648DB1-CFFB-417B-B066-1BC275735F1F}.Release|Any CPU.Build.0 = Release|Any CPU
	EndGlobalSection
	GlobalSection(SolutionProperties) = preSolution
		HideSolutionNode = FALSE
	EndGlobalSection
	GlobalSection(ExtensibilityGlobals) = postSolution
		SolutionGuid = {62C0602B-AB15-41A6-B0B8-635B0B586C0C}
	EndGlobalSection
EndGlobal
